{
    "_meta": {
        "hash": {
            "sha256": "7e802be01cfe3872f9d66bbb8baabf26db354c2ebf92043c41dba3033c023437"
        },
        "pipfile-spec": 6,
        "requires": {},
        "sources": [
            {
                "name": "pypi",
                "url": "https://pypi.org/simple",
                "verify_ssl": true
            }
        ]
    },
    "default": {
        "dirlistproc": {
            "hashes": [
                "sha256:2a3918d79ffce1499a82b906aa2645981f2dac449eb324450537d6a3e84f55d6"
            ],
            "index": "pypi",
            "version": "==1.4.5"
        },
        "isodate": {
            "hashes": [
                "sha256:2e364a3d5759479cdb2d37cce6b9376ea504db2ff90252a2e5b7cc89cc9ff2d8",
                "sha256:aa4d33c06640f5352aca96e4b81afd8ab3b47337cc12089822d6f322ac772c81"
            ],
            "version": "==0.6.0"
        },
        "jsonasobj": {
            "hashes": [
                "sha256:b9e329dc1ceaae7cf5d5b214684a0b100e0dad0be6d5bbabac281ec35ddeca65",
                "sha256:d52e0544a54a08f6ea3f77fa3387271e3648655e0eace2f21e825c26370e44a2"
            ],
            "index": "pypi",
            "version": "==1.3.1"
        },
        "neurdflib": {
            "hashes": [
                "sha256:b542bf337d3ffea111e8fe35ceb35c85172949e42c0597acc12820f7f27344d8",
                "sha256:d34493cee15029ff5db16157429585ff863ba5542675a4d8a94a0da1bc6e3a50"
            ],
            "version": "==5.0.1"
        },
        "neurdflib-jsonld": {
            "hashes": [
                "sha256:790073ba7a84a901460d25ec062fc20477ac9683a89f56475aaa6eaa72df0374",
                "sha256:fca13b1be3adafc42ff4fb77ca5a15a730a7b7ea9a63c8c02f75d4d1d68f4f21"
            ],
            "index": "pypi",
            "version": "==0.4.1"
        },
        "pyparsing": {
            "hashes": [
                "sha256:c203ec8783bf771a155b207279b9bccb8dea02d8f0c9e5f8ead507bc3246ecc1",
                "sha256:ef9d7589ef3c200abe66653d3f1ab1033c3c419ae9b9bdb1240a85b024efc88b"
            ],
            "markers": "python_version >= '2.6' and python_version not in '3.0, 3.1, 3.2, 3.3'",
            "version": "==2.4.7"
        },
        "rdflib": {
            "hashes": [
                "sha256:7ce4d757eb26f4dd43205ec340d8c097f29e5adfe45d6ea20238c731dc679879",
                "sha256:bb24f0058070d5843503e15b37c597bc3858d328d11acd9476efad3aa62f555d"
            ],
            "index": "pypi",
            "version": "==6.0.0"
        },
        "six": {
            "hashes": [
                "sha256:1e61c37477a1626458e36f7b1d82aa5c9b094fa4802892072e49de9c60c4c926",
                "sha256:8abb2f1d86890a2dfb989f9a77cfcfd3e47c2a354b01111771326f8aa26e0254"
            ],
            "markers": "python_version >= '2.7' and python_version not in '3.0, 3.1, 3.2, 3.3'",
            "version": "==1.16.0"
        }
    },
    "develop": {}
}
