{
    "_meta": {
        "hash": {
            "sha256": "7e802be01cfe3872f9d66bbb8baabf26db354c2ebf92043c41dba3033c023437"
        },
        "pipfile-spec": 6,
        "requires": {},
        "sources": [
            {
                "name": "pypi",
                "url": "https://pypi.org/simple",
                "verify_ssl": true
            }
        ]
    },
    "default": {
        "dirlistproc": {
            "hashes": [
                "sha256:2a3918d79ffce1499a82b906aa2645981f2dac449eb324450537d6a3e84f55d6"
            ],
            "index": "pypi",
            "version": "==1.4.5"
        },
        "isodate": {
            "hashes": [
                "sha256:2e364a3d5759479cdb2d37cce6b9376ea504db2ff90252a2e5b7cc89cc9ff2d8",
                "sha256:aa4d33c06640f5352aca96e4b81afd8ab3b47337cc12089822d6f322ac772c81"
            ],
            "version": "==0.6.0"
        },
        "jsonasobj": {
            "hashes": [
                "sha256:1ef4ee4752f2cbda6f166949d5ed75547e2a16acf007370898f42c37e6f048fa"
            ],
            "index": "pypi",
            "version": "==1.2.1"
        },
        "neurdflib": {
            "hashes": [
                "sha256:65ef138f7a20f646b5257d312e14c624a83abdac4df234e5edcc77dc63bef5e1",
                "sha256:b67fabecf09d2d650a2ae7d661b0451b7dd87f48471f85fde9cc974bceb6f3e7"
            ],
            "version": "==5.0.0.post1"
        },
        "neurdflib-jsonld": {
            "hashes": [
                "sha256:790073ba7a84a901460d25ec062fc20477ac9683a89f56475aaa6eaa72df0374",
                "sha256:fca13b1be3adafc42ff4fb77ca5a15a730a7b7ea9a63c8c02f75d4d1d68f4f21"
            ],
            "index": "pypi",
            "version": "==0.4.1"
        },
        "pyparsing": {
            "hashes": [
                "sha256:20f995ecd72f2a1f4bf6b072b63b22e2eb457836601e76d6e5dfcd75436acc1f",
                "sha256:4ca62001be367f01bd3e92ecbb79070272a9d4964dce6a48a82ff0b8bc7e683a"
            ],
            "version": "==2.4.5"
        },
        "rdflib": {
            "hashes": [
                "sha256:58d5994610105a457cff7fdfe3d683d87786c5028a45ae032982498a7e913d6f",
                "sha256:da1df14552555c5c7715d8ce71c08f404c988c58a1ecd38552d0da4fc261280d"
            ],
            "index": "pypi",
            "version": "==4.2.2"
        },
        "six": {
            "hashes": [
                "sha256:1f1b7d42e254082a9db6279deae68afb421ceba6158efa6131de7b3003ee93fd",
                "sha256:30f610279e8b2578cab6db20741130331735c781b56053c59c4076da27f06b66"
            ],
            "version": "==1.13.0"
        }
    },
    "develop": {}
}
